
Microsoft Visual Studio Solution File, Format Version 12.00
# Visual Studio Version 17
VisualStudioVersion = 17.5.002.0
MinimumVisualStudioVersion = 10.0.40219.1
Project("{9A19103F-16F7-4668-BE54-9A1E7A4F7556}") = "LibraryManagement", "LibraryManagement.csproj", "{CCD931D6-75B3-4347-8C8C-762B67B801A9}"
EndProject
Global
	GlobalSection(SolutionConfigurationPlatforms) = preSolution
		Debug|Any CPU = Debug|Any CPU
		Release|Any CPU = Release|Any CPU
	EndGlobalSection
	GlobalSection(ProjectConfigurationPlatforms) = postSolution
		{CCD931D6-75B3-4347-8C8C-762B67B801A9}.Debug|Any CPU.ActiveCfg = Debug|Any CPU
		{CCD931D6-75B3-4347-8C8C-762B67B801A9}.Debug|Any CPU.Build.0 = Debug|Any CPU
		{CCD931D6-75B3-4347-8C8C-762B67B801A9}.Release|Any CPU.ActiveCfg = Release|Any CPU
		{CCD931D6-75B3-4347-8C8C-762B67B801A9}.Release|Any CPU.Build.0 = Release|Any CPU
	EndGlobalSection
	GlobalSection(SolutionProperties) = preSolution
		HideSolutionNode = FALSE
	EndGlobalSection
	GlobalSection(ExtensibilityGlobals) = postSolution
		SolutionGuid = {2DC6FCD8-6739-4DC7-B78A-8031C92E183B}
	EndGlobalSection
EndGlobal
